
Microsoft Visual Studio Solution File, Format Version 12.00
# Visual Studio Version 17
VisualStudioVersion = 17.5.33502.453
MinimumVisualStudioVersion = 10.0.40219.1
Project("{FAE04EC0-301F-11D3-BF4B-00C04F79EFBC}") = "SE_HW1", "SE_HW1\SE_HW1.csproj", "{0CA4B8C2-4704-4B83-8444-48534C4955FD}"
EndProject
Project("{FAE04EC0-301F-11D3-BF4B-00C04F79EFBC}") = "SE_HW1_Test", "SE_HW1_Test\SE_HW1_Test.csproj", "{B0D4436D-337B-400B-9011-EF94FAAB9F31}"
EndProject
Global
	GlobalSection(SolutionConfigurationPlatforms) = preSolution
		Debug|Any CPU = Debug|Any CPU
		Release|Any CPU = Release|Any CPU
	EndGlobalSection
	GlobalSection(ProjectConfigurationPlatforms) = postSolution
		{0CA4B8C2-4704-4B83-8444-48534C4955FD}.Debug|Any CPU.ActiveCfg = Debug|Any CPU
		{0CA4B8C2-4704-4B83-8444-48534C4955FD}.Debug|Any CPU.Build.0 = Debug|Any CPU
		{0CA4B8C2-4704-4B83-8444-48534C4955FD}.Release|Any CPU.ActiveCfg = Release|Any CPU
		{0CA4B8C2-4704-4B83-8444-48534C4955FD}.Release|Any CPU.Build.0 = Release|Any CPU
		{B0D4436D-337B-400B-9011-EF94FAAB9F31}.Debug|Any CPU.ActiveCfg = Debug|Any CPU
		{B0D4436D-337B-400B-9011-EF94FAAB9F31}.Debug|Any CPU.Build.0 = Debug|Any CPU
		{B0D4436D-337B-400B-9011-EF94FAAB9F31}.Release|Any CPU.ActiveCfg = Release|Any CPU
		{B0D4436D-337B-400B-9011-EF94FAAB9F31}.Release|Any CPU.Build.0 = Release|Any CPU
	EndGlobalSection
	GlobalSection(SolutionProperties) = preSolution
		HideSolutionNode = FALSE
	EndGlobalSection
	GlobalSection(ExtensibilityGlobals) = postSolution
		SolutionGuid = {9A63BD92-68F1-4DBB-BD9D-BC41B0A929D2}
	EndGlobalSection
EndGlobal
